
Microsoft Visual Studio Solution File, Format Version 12.00
# Visual Studio Version 16
VisualStudioVersion = 16.0.34301.259
MinimumVisualStudioVersion = 10.0.40219.1
Project("{9A19103F-16F7-4668-BE54-9A1E7A4F7556}") = "Wombat.Logger", "Wombat.Logger\Wombat.Logger.csproj", "{F65F14EB-F0D1-4615-8BEE-9469D29139BD}"
EndProject
Project("{9A19103F-16F7-4668-BE54-9A1E7A4F7556}") = "Wombat.LoggerTests", "Wombat.LoggerTests\Wombat.LoggerTests.csproj", "{D801628C-7CC0-4BE9-A9E5-3881C4BD4011}"
EndProject
Global
	GlobalSection(SolutionConfigurationPlatforms) = preSolution
		Debug|Any CPU = Debug|Any CPU
		Release|Any CPU = Release|Any CPU
	EndGlobalSection
	GlobalSection(ProjectConfigurationPlatforms) = postSolution
		{F65F14EB-F0D1-4615-8BEE-9469D29139BD}.Debug|Any CPU.ActiveCfg = Debug|Any CPU
		{F65F14EB-F0D1-4615-8BEE-9469D29139BD}.Debug|Any CPU.Build.0 = Debug|Any CPU
		{F65F14EB-F0D1-4615-8BEE-9469D29139BD}.Release|Any CPU.ActiveCfg = Release|Any CPU
		{F65F14EB-F0D1-4615-8BEE-9469D29139BD}.Release|Any CPU.Build.0 = Release|Any CPU
		{D801628C-7CC0-4BE9-A9E5-3881C4BD4011}.Debug|Any CPU.ActiveCfg = Debug|Any CPU
		{D801628C-7CC0-4BE9-A9E5-3881C4BD4011}.Debug|Any CPU.Build.0 = Debug|Any CPU
		{D801628C-7CC0-4BE9-A9E5-3881C4BD4011}.Release|Any CPU.ActiveCfg = Release|Any CPU
		{D801628C-7CC0-4BE9-A9E5-3881C4BD4011}.Release|Any CPU.Build.0 = Release|Any CPU
	EndGlobalSection
	GlobalSection(SolutionProperties) = preSolution
		HideSolutionNode = FALSE
	EndGlobalSection
	GlobalSection(ExtensibilityGlobals) = postSolution
		SolutionGuid = {BDAE515B-5255-48A2-9BE6-6B054EB0195B}
	EndGlobalSection
EndGlobal
